
Microsoft Visual Studio Solution File, Format Version 12.00
# Visual Studio Version 16
VisualStudioVersion = 16.0.28729.10
MinimumVisualStudioVersion = 10.0.40219.1
Project("{FAE04EC0-301F-11D3-BF4B-00C04F79EFBC}") = "Max2", "Max2\Max2.csproj", "{98E34BD7-187F-4865-ADB4-238DD8B219FD}"
EndProject
Project("{FAE04EC0-301F-11D3-BF4B-00C04F79EFBC}") = "Max2Test", "Max2Test\Max2Test.csproj", "{B95EAF78-0DDD-417D-867F-28C380BF2A4C}"
EndProject
Global
	GlobalSection(SolutionConfigurationPlatforms) = preSolution
		Debug|Any CPU = Debug|Any CPU
		Release|Any CPU = Release|Any CPU
	EndGlobalSection
	GlobalSection(ProjectConfigurationPlatforms) = postSolution
		{98E34BD7-187F-4865-ADB4-238DD8B219FD}.Debug|Any CPU.ActiveCfg = Debug|Any CPU
		{98E34BD7-187F-4865-ADB4-238DD8B219FD}.Debug|Any CPU.Build.0 = Debug|Any CPU
		{98E34BD7-187F-4865-ADB4-238DD8B219FD}.Release|Any CPU.ActiveCfg = Release|Any CPU
		{98E34BD7-187F-4865-ADB4-238DD8B219FD}.Release|Any CPU.Build.0 = Release|Any CPU
		{B95EAF78-0DDD-417D-867F-28C380BF2A4C}.Debug|Any CPU.ActiveCfg = Debug|Any CPU
		{B95EAF78-0DDD-417D-867F-28C380BF2A4C}.Debug|Any CPU.Build.0 = Debug|Any CPU
		{B95EAF78-0DDD-417D-867F-28C380BF2A4C}.Release|Any CPU.ActiveCfg = Release|Any CPU
		{B95EAF78-0DDD-417D-867F-28C380BF2A4C}.Release|Any CPU.Build.0 = Release|Any CPU
	EndGlobalSection
	GlobalSection(SolutionProperties) = preSolution
		HideSolutionNode = FALSE
	EndGlobalSection
	GlobalSection(ExtensibilityGlobals) = postSolution
		SolutionGuid = {08751407-E441-452B-85F8-755108AB70C4}
	EndGlobalSection
EndGlobal
