
Microsoft Visual Studio Solution File, Format Version 12.00
# Visual Studio Version 16
VisualStudioVersion = 16.0.28803.202
MinimumVisualStudioVersion = 10.0.40219.1
Project("{FAE04EC0-301F-11D3-BF4B-00C04F79EFBC}") = "ToUpper", "ToUpper\ToUpper.csproj", "{C6D03E08-F47B-4249-A0D8-9CEF55593A2F}"
EndProject
Global
	GlobalSection(SolutionConfigurationPlatforms) = preSolution
		Debug|Any CPU = Debug|Any CPU
		Release|Any CPU = Release|Any CPU
	EndGlobalSection
	GlobalSection(ProjectConfigurationPlatforms) = postSolution
		{C6D03E08-F47B-4249-A0D8-9CEF55593A2F}.Debug|Any CPU.ActiveCfg = Debug|Any CPU
		{C6D03E08-F47B-4249-A0D8-9CEF55593A2F}.Debug|Any CPU.Build.0 = Debug|Any CPU
		{C6D03E08-F47B-4249-A0D8-9CEF55593A2F}.Release|Any CPU.ActiveCfg = Release|Any CPU
		{C6D03E08-F47B-4249-A0D8-9CEF55593A2F}.Release|Any CPU.Build.0 = Release|Any CPU
	EndGlobalSection
	GlobalSection(SolutionProperties) = preSolution
		HideSolutionNode = FALSE
	EndGlobalSection
	GlobalSection(ExtensibilityGlobals) = postSolution
		SolutionGuid = {64E3D2E6-5AC5-4C92-84A0-4E0F2D4C8D72}
	EndGlobalSection
EndGlobal
