
Microsoft Visual Studio Solution File, Format Version 12.00
# Visual Studio Version 16
VisualStudioVersion = 16.0.28729.10
MinimumVisualStudioVersion = 10.0.40219.1
Project("{9A19103F-16F7-4668-BE54-9A1E7A4F7556}") = "Airports", "Airports\Airports.csproj", "{710A32E7-2235-474E-9291-AE72BA22F450}"
EndProject
Global
	GlobalSection(SolutionConfigurationPlatforms) = preSolution
		Debug|Any CPU = Debug|Any CPU
		Release|Any CPU = Release|Any CPU
	EndGlobalSection
	GlobalSection(ProjectConfigurationPlatforms) = postSolution
		{710A32E7-2235-474E-9291-AE72BA22F450}.Debug|Any CPU.ActiveCfg = Debug|Any CPU
		{710A32E7-2235-474E-9291-AE72BA22F450}.Debug|Any CPU.Build.0 = Debug|Any CPU
		{710A32E7-2235-474E-9291-AE72BA22F450}.Release|Any CPU.ActiveCfg = Release|Any CPU
		{710A32E7-2235-474E-9291-AE72BA22F450}.Release|Any CPU.Build.0 = Release|Any CPU
	EndGlobalSection
	GlobalSection(SolutionProperties) = preSolution
		HideSolutionNode = FALSE
	EndGlobalSection
	GlobalSection(ExtensibilityGlobals) = postSolution
		SolutionGuid = {B4563158-8AA1-4B9D-84A7-B98D0BDE5C00}
	EndGlobalSection
EndGlobal
